
Microsoft Visual Studio Solution File, Format Version 12.00
# Visual Studio 15
VisualStudioVersion = 15.0.26228.9
MinimumVisualStudioVersion = 10.0.40219.1
Project("{FAE04EC0-301F-11D3-BF4B-00C04F79EFBC}") = "UnitTests", "UnitTests\UnitTests.csproj", "{5E77C76A-E765-445A-96E5-681CB5B9A68B}"
EndProject
Project("{FAE04EC0-301F-11D3-BF4B-00C04F79EFBC}") = "ExampleCLI", "ExampleCLI\ExampleCLI.csproj", "{82BCEFD9-194E-4FF7-A28B-CA1AE2A87BAC}"
EndProject
Project("{FAE04EC0-301F-11D3-BF4B-00C04F79EFBC}") = "ExampleGUI", "ExampleGUI\ExampleGUI.csproj", "{199E5EF6-D1FA-4662-BDD4-1D49A747AFF9}"
EndProject
Project("{FAE04EC0-301F-11D3-BF4B-00C04F79EFBC}") = "DisplayWindow", "DisplayWindow\DisplayWindow.csproj", "{1B681D8D-EC73-4386-BDE5-B508634A8F7B}"
EndProject
Project("{FAE04EC0-301F-11D3-BF4B-00C04F79EFBC}") = "TheServer", "TheServer\TheServer.csproj", "{0065DDF6-009F-43CB-96AC-0507F49C2CEA}"
EndProject
Project("{FAE04EC0-301F-11D3-BF4B-00C04F79EFBC}") = "NamedPipeWrapper", "NamedPipeWrapper\NamedPipeWrapper.csproj", "{73152691-3CDE-46DF-8D04-7117747DFFE7}"
EndProject
Project("{FAE04EC0-301F-11D3-BF4B-00C04F79EFBC}") = "Theft", "Theft\Theft.csproj", "{A8419185-FAC7-4E37-BFFD-153CC4406845}"
EndProject
Project("{FAE04EC0-301F-11D3-BF4B-00C04F79EFBC}") = "WindowsHacks", "..\Users\MARK\Downloads\Windows-Hacks-master\WindowsHacks\WindowsHacks.csproj", "{BF2260D6-7F0A-4B6D-8C78-1AF67883463F}"
EndProject
Global
	GlobalSection(SolutionConfigurationPlatforms) = preSolution
		Debug|Any CPU = Debug|Any CPU
		Debug|ARM = Debug|ARM
		Debug|Mixed Platforms = Debug|Mixed Platforms
		Debug|x64 = Debug|x64
		Debug|x86 = Debug|x86
		Release|Any CPU = Release|Any CPU
		Release|ARM = Release|ARM
		Release|Mixed Platforms = Release|Mixed Platforms
		Release|x64 = Release|x64
		Release|x86 = Release|x86
	EndGlobalSection
	GlobalSection(ProjectConfigurationPlatforms) = postSolution
		{5E77C76A-E765-445A-96E5-681CB5B9A68B}.Debug|Any CPU.ActiveCfg = Debug|Any CPU
		{5E77C76A-E765-445A-96E5-681CB5B9A68B}.Debug|Any CPU.Build.0 = Debug|Any CPU
		{5E77C76A-E765-445A-96E5-681CB5B9A68B}.Debug|ARM.ActiveCfg = Debug|Any CPU
		{5E77C76A-E765-445A-96E5-681CB5B9A68B}.Debug|ARM.Build.0 = Debug|Any CPU
		{5E77C76A-E765-445A-96E5-681CB5B9A68B}.Debug|Mixed Platforms.ActiveCfg = Debug|x86
		{5E77C76A-E765-445A-96E5-681CB5B9A68B}.Debug|Mixed Platforms.Build.0 = Debug|x86
		{5E77C76A-E765-445A-96E5-681CB5B9A68B}.Debug|x64.ActiveCfg = Debug|Any CPU
		{5E77C76A-E765-445A-96E5-681CB5B9A68B}.Debug|x64.Build.0 = Debug|Any CPU
		{5E77C76A-E765-445A-96E5-681CB5B9A68B}.Debug|x86.ActiveCfg = Debug|x86
		{5E77C76A-E765-445A-96E5-681CB5B9A68B}.Debug|x86.Build.0 = Debug|x86
		{5E77C76A-E765-445A-96E5-681CB5B9A68B}.Release|Any CPU.ActiveCfg = Release|x86
		{5E77C76A-E765-445A-96E5-681CB5B9A68B}.Release|ARM.ActiveCfg = Release|Any CPU
		{5E77C76A-E765-445A-96E5-681CB5B9A68B}.Release|ARM.Build.0 = Release|Any CPU
		{5E77C76A-E765-445A-96E5-681CB5B9A68B}.Release|Mixed Platforms.ActiveCfg = Release|x86
		{5E77C76A-E765-445A-96E5-681CB5B9A68B}.Release|Mixed Platforms.Build.0 = Release|x86
		{5E77C76A-E765-445A-96E5-681CB5B9A68B}.Release|x64.ActiveCfg = Release|Any CPU
		{5E77C76A-E765-445A-96E5-681CB5B9A68B}.Release|x64.Build.0 = Release|Any CPU
		{5E77C76A-E765-445A-96E5-681CB5B9A68B}.Release|x86.ActiveCfg = Release|x86
		{5E77C76A-E765-445A-96E5-681CB5B9A68B}.Release|x86.Build.0 = Release|x86
		{82BCEFD9-194E-4FF7-A28B-CA1AE2A87BAC}.Debug|Any CPU.ActiveCfg = Debug|Any CPU
		{82BCEFD9-194E-4FF7-A28B-CA1AE2A87BAC}.Debug|Any CPU.Build.0 = Debug|Any CPU
		{82BCEFD9-194E-4FF7-A28B-CA1AE2A87BAC}.Debug|ARM.ActiveCfg = Debug|Any CPU
		{82BCEFD9-194E-4FF7-A28B-CA1AE2A87BAC}.Debug|ARM.Build.0 = Debug|Any CPU
		{82BCEFD9-194E-4FF7-A28B-CA1AE2A87BAC}.Debug|Mixed Platforms.ActiveCfg = Debug|x86
		{82BCEFD9-194E-4FF7-A28B-CA1AE2A87BAC}.Debug|Mixed Platforms.Build.0 = Debug|x86
		{82BCEFD9-194E-4FF7-A28B-CA1AE2A87BAC}.Debug|x64.ActiveCfg = Debug|Any CPU
		{82BCEFD9-194E-4FF7-A28B-CA1AE2A87BAC}.Debug|x64.Build.0 = Debug|Any CPU
		{82BCEFD9-194E-4FF7-A28B-CA1AE2A87BAC}.Debug|x86.ActiveCfg = Debug|x86
		{82BCEFD9-194E-4FF7-A28B-CA1AE2A87BAC}.Debug|x86.Build.0 = Debug|x86
		{82BCEFD9-194E-4FF7-A28B-CA1AE2A87BAC}.Release|Any CPU.ActiveCfg = Release|x86
		{82BCEFD9-194E-4FF7-A28B-CA1AE2A87BAC}.Release|ARM.ActiveCfg = Release|Any CPU
		{82BCEFD9-194E-4FF7-A28B-CA1AE2A87BAC}.Release|ARM.Build.0 = Release|Any CPU
		{82BCEFD9-194E-4FF7-A28B-CA1AE2A87BAC}.Release|Mixed Platforms.ActiveCfg = Release|x86
		{82BCEFD9-194E-4FF7-A28B-CA1AE2A87BAC}.Release|Mixed Platforms.Build.0 = Release|x86
		{82BCEFD9-194E-4FF7-A28B-CA1AE2A87BAC}.Release|x64.ActiveCfg = Release|Any CPU
		{82BCEFD9-194E-4FF7-A28B-CA1AE2A87BAC}.Release|x64.Build.0 = Release|Any CPU
		{82BCEFD9-194E-4FF7-A28B-CA1AE2A87BAC}.Release|x86.ActiveCfg = Release|x86
		{82BCEFD9-194E-4FF7-A28B-CA1AE2A87BAC}.Release|x86.Build.0 = Release|x86
		{199E5EF6-D1FA-4662-BDD4-1D49A747AFF9}.Debug|Any CPU.ActiveCfg = Debug|Any CPU
		{199E5EF6-D1FA-4662-BDD4-1D49A747AFF9}.Debug|Any CPU.Build.0 = Debug|Any CPU
		{199E5EF6-D1FA-4662-BDD4-1D49A747AFF9}.Debug|ARM.ActiveCfg = Debug|Any CPU
		{199E5EF6-D1FA-4662-BDD4-1D49A747AFF9}.Debug|ARM.Build.0 = Debug|Any CPU
		{199E5EF6-D1FA-4662-BDD4-1D49A747AFF9}.Debug|Mixed Platforms.ActiveCfg = Debug|x86
		{199E5EF6-D1FA-4662-BDD4-1D49A747AFF9}.Debug|Mixed Platforms.Build.0 = Debug|x86
		{199E5EF6-D1FA-4662-BDD4-1D49A747AFF9}.Debug|x64.ActiveCfg = Debug|Any CPU
		{199E5EF6-D1FA-4662-BDD4-1D49A747AFF9}.Debug|x64.Build.0 = Debug|Any CPU
		{199E5EF6-D1FA-4662-BDD4-1D49A747AFF9}.Debug|x86.ActiveCfg = Debug|x86
		{199E5EF6-D1FA-4662-BDD4-1D49A747AFF9}.Debug|x86.Build.0 = Debug|x86
		{199E5EF6-D1FA-4662-BDD4-1D49A747AFF9}.Release|Any CPU.ActiveCfg = Release|x86
		{199E5EF6-D1FA-4662-BDD4-1D49A747AFF9}.Release|ARM.ActiveCfg = Release|Any CPU
		{199E5EF6-D1FA-4662-BDD4-1D49A747AFF9}.Release|ARM.Build.0 = Release|Any CPU
		{199E5EF6-D1FA-4662-BDD4-1D49A747AFF9}.Release|Mixed Platforms.ActiveCfg = Release|x86
		{199E5EF6-D1FA-4662-BDD4-1D49A747AFF9}.Release|Mixed Platforms.Build.0 = Release|x86
		{199E5EF6-D1FA-4662-BDD4-1D49A747AFF9}.Release|x64.ActiveCfg = Release|Any CPU
		{199E5EF6-D1FA-4662-BDD4-1D49A747AFF9}.Release|x64.Build.0 = Release|Any CPU
		{199E5EF6-D1FA-4662-BDD4-1D49A747AFF9}.Release|x86.ActiveCfg = Release|x86
		{199E5EF6-D1FA-4662-BDD4-1D49A747AFF9}.Release|x86.Build.0 = Release|x86
		{1B681D8D-EC73-4386-BDE5-B508634A8F7B}.Debug|Any CPU.ActiveCfg = Debug|Any CPU
		{1B681D8D-EC73-4386-BDE5-B508634A8F7B}.Debug|Any CPU.Build.0 = Debug|Any CPU
		{1B681D8D-EC73-4386-BDE5-B508634A8F7B}.Debug|ARM.ActiveCfg = Debug|Any CPU
		{1B681D8D-EC73-4386-BDE5-B508634A8F7B}.Debug|ARM.Build.0 = Debug|Any CPU
		{1B681D8D-EC73-4386-BDE5-B508634A8F7B}.Debug|Mixed Platforms.ActiveCfg = Debug|Any CPU
		{1B681D8D-EC73-4386-BDE5-B508634A8F7B}.Debug|Mixed Platforms.Build.0 = Debug|Any CPU
		{1B681D8D-EC73-4386-BDE5-B508634A8F7B}.Debug|x64.ActiveCfg = Debug|Any CPU
		{1B681D8D-EC73-4386-BDE5-B508634A8F7B}.Debug|x64.Build.0 = Debug|Any CPU
		{1B681D8D-EC73-4386-BDE5-B508634A8F7B}.Debug|x86.ActiveCfg = Debug|Any CPU
		{1B681D8D-EC73-4386-BDE5-B508634A8F7B}.Debug|x86.Build.0 = Debug|Any CPU
		{1B681D8D-EC73-4386-BDE5-B508634A8F7B}.Release|Any CPU.ActiveCfg = Release|Any CPU
		{1B681D8D-EC73-4386-BDE5-B508634A8F7B}.Release|Any CPU.Build.0 = Release|Any CPU
		{1B681D8D-EC73-4386-BDE5-B508634A8F7B}.Release|ARM.ActiveCfg = Release|Any CPU
		{1B681D8D-EC73-4386-BDE5-B508634A8F7B}.Release|ARM.Build.0 = Release|Any CPU
		{1B681D8D-EC73-4386-BDE5-B508634A8F7B}.Release|Mixed Platforms.ActiveCfg = Release|Any CPU
		{1B681D8D-EC73-4386-BDE5-B508634A8F7B}.Release|Mixed Platforms.Build.0 = Release|Any CPU
		{1B681D8D-EC73-4386-BDE5-B508634A8F7B}.Release|x64.ActiveCfg = Release|Any CPU
		{1B681D8D-EC73-4386-BDE5-B508634A8F7B}.Release|x64.Build.0 = Release|Any CPU
		{1B681D8D-EC73-4386-BDE5-B508634A8F7B}.Release|x86.ActiveCfg = Release|Any CPU
		{1B681D8D-EC73-4386-BDE5-B508634A8F7B}.Release|x86.Build.0 = Release|Any CPU
		{0065DDF6-009F-43CB-96AC-0507F49C2CEA}.Debug|Any CPU.ActiveCfg = Debug|Any CPU
		{0065DDF6-009F-43CB-96AC-0507F49C2CEA}.Debug|Any CPU.Build.0 = Debug|Any CPU
		{0065DDF6-009F-43CB-96AC-0507F49C2CEA}.Debug|ARM.ActiveCfg = Debug|Any CPU
		{0065DDF6-009F-43CB-96AC-0507F49C2CEA}.Debug|ARM.Build.0 = Debug|Any CPU
		{0065DDF6-009F-43CB-96AC-0507F49C2CEA}.Debug|Mixed Platforms.ActiveCfg = Debug|Any CPU
		{0065DDF6-009F-43CB-96AC-0507F49C2CEA}.Debug|Mixed Platforms.Build.0 = Debug|Any CPU
		{0065DDF6-009F-43CB-96AC-0507F49C2CEA}.Debug|x64.ActiveCfg = Debug|Any CPU
		{0065DDF6-009F-43CB-96AC-0507F49C2CEA}.Debug|x64.Build.0 = Debug|Any CPU
		{0065DDF6-009F-43CB-96AC-0507F49C2CEA}.Debug|x86.ActiveCfg = Debug|Any CPU
		{0065DDF6-009F-43CB-96AC-0507F49C2CEA}.Debug|x86.Build.0 = Debug|Any CPU
		{0065DDF6-009F-43CB-96AC-0507F49C2CEA}.Release|Any CPU.ActiveCfg = Release|Any CPU
		{0065DDF6-009F-43CB-96AC-0507F49C2CEA}.Release|Any CPU.Build.0 = Release|Any CPU
		{0065DDF6-009F-43CB-96AC-0507F49C2CEA}.Release|ARM.ActiveCfg = Release|Any CPU
		{0065DDF6-009F-43CB-96AC-0507F49C2CEA}.Release|ARM.Build.0 = Release|Any CPU
		{0065DDF6-009F-43CB-96AC-0507F49C2CEA}.Release|Mixed Platforms.ActiveCfg = Release|Any CPU
		{0065DDF6-009F-43CB-96AC-0507F49C2CEA}.Release|Mixed Platforms.Build.0 = Release|Any CPU
		{0065DDF6-009F-43CB-96AC-0507F49C2CEA}.Release|x64.ActiveCfg = Release|Any CPU
		{0065DDF6-009F-43CB-96AC-0507F49C2CEA}.Release|x64.Build.0 = Release|Any CPU
		{0065DDF6-009F-43CB-96AC-0507F49C2CEA}.Release|x86.ActiveCfg = Release|Any CPU
		{0065DDF6-009F-43CB-96AC-0507F49C2CEA}.Release|x86.Build.0 = Release|Any CPU
		{73152691-3CDE-46DF-8D04-7117747DFFE7}.Debug|Any CPU.ActiveCfg = Debug|Any CPU
		{73152691-3CDE-46DF-8D04-7117747DFFE7}.Debug|Any CPU.Build.0 = Debug|Any CPU
		{73152691-3CDE-46DF-8D04-7117747DFFE7}.Debug|ARM.ActiveCfg = Debug|Any CPU
		{73152691-3CDE-46DF-8D04-7117747DFFE7}.Debug|ARM.Build.0 = Debug|Any CPU
		{73152691-3CDE-46DF-8D04-7117747DFFE7}.Debug|Mixed Platforms.ActiveCfg = Debug|Any CPU
		{73152691-3CDE-46DF-8D04-7117747DFFE7}.Debug|Mixed Platforms.Build.0 = Debug|Any CPU
		{73152691-3CDE-46DF-8D04-7117747DFFE7}.Debug|x64.ActiveCfg = Debug|Any CPU
		{73152691-3CDE-46DF-8D04-7117747DFFE7}.Debug|x64.Build.0 = Debug|Any CPU
		{73152691-3CDE-46DF-8D04-7117747DFFE7}.Debug|x86.ActiveCfg = Debug|Any CPU
		{73152691-3CDE-46DF-8D04-7117747DFFE7}.Debug|x86.Build.0 = Debug|Any CPU
		{73152691-3CDE-46DF-8D04-7117747DFFE7}.Release|Any CPU.ActiveCfg = Release|Any CPU
		{73152691-3CDE-46DF-8D04-7117747DFFE7}.Release|Any CPU.Build.0 = Release|Any CPU
		{73152691-3CDE-46DF-8D04-7117747DFFE7}.Release|ARM.ActiveCfg = Release|Any CPU
		{73152691-3CDE-46DF-8D04-7117747DFFE7}.Release|ARM.Build.0 = Release|Any CPU
		{73152691-3CDE-46DF-8D04-7117747DFFE7}.Release|Mixed Platforms.ActiveCfg = Release|Any CPU
		{73152691-3CDE-46DF-8D04-7117747DFFE7}.Release|Mixed Platforms.Build.0 = Release|Any CPU
		{73152691-3CDE-46DF-8D04-7117747DFFE7}.Release|x64.ActiveCfg = Release|Any CPU
		{73152691-3CDE-46DF-8D04-7117747DFFE7}.Release|x64.Build.0 = Release|Any CPU
		{73152691-3CDE-46DF-8D04-7117747DFFE7}.Release|x86.ActiveCfg = Release|Any CPU
		{73152691-3CDE-46DF-8D04-7117747DFFE7}.Release|x86.Build.0 = Release|Any CPU
		{A8419185-FAC7-4E37-BFFD-153CC4406845}.Debug|Any CPU.ActiveCfg = Debug|Any CPU
		{A8419185-FAC7-4E37-BFFD-153CC4406845}.Debug|Any CPU.Build.0 = Debug|Any CPU
		{A8419185-FAC7-4E37-BFFD-153CC4406845}.Debug|ARM.ActiveCfg = Debug|Any CPU
		{A8419185-FAC7-4E37-BFFD-153CC4406845}.Debug|ARM.Build.0 = Debug|Any CPU
		{A8419185-FAC7-4E37-BFFD-153CC4406845}.Debug|Mixed Platforms.ActiveCfg = Debug|Any CPU
		{A8419185-FAC7-4E37-BFFD-153CC4406845}.Debug|Mixed Platforms.Build.0 = Debug|Any CPU
		{A8419185-FAC7-4E37-BFFD-153CC4406845}.Debug|x64.ActiveCfg = Debug|Any CPU
		{A8419185-FAC7-4E37-BFFD-153CC4406845}.Debug|x64.Build.0 = Debug|Any CPU
		{A8419185-FAC7-4E37-BFFD-153CC4406845}.Debug|x86.ActiveCfg = Debug|Any CPU
		{A8419185-FAC7-4E37-BFFD-153CC4406845}.Debug|x86.Build.0 = Debug|Any CPU
		{A8419185-FAC7-4E37-BFFD-153CC4406845}.Release|Any CPU.ActiveCfg = Release|Any CPU
		{A8419185-FAC7-4E37-BFFD-153CC4406845}.Release|Any CPU.Build.0 = Release|Any CPU
		{A8419185-FAC7-4E37-BFFD-153CC4406845}.Release|ARM.ActiveCfg = Release|Any CPU
		{A8419185-FAC7-4E37-BFFD-153CC4406845}.Release|ARM.Build.0 = Release|Any CPU
		{A8419185-FAC7-4E37-BFFD-153CC4406845}.Release|Mixed Platforms.ActiveCfg = Release|Any CPU
		{A8419185-FAC7-4E37-BFFD-153CC4406845}.Release|Mixed Platforms.Build.0 = Release|Any CPU
		{A8419185-FAC7-4E37-BFFD-153CC4406845}.Release|x64.ActiveCfg = Release|Any CPU
		{A8419185-FAC7-4E37-BFFD-153CC4406845}.Release|x64.Build.0 = Release|Any CPU
		{A8419185-FAC7-4E37-BFFD-153CC4406845}.Release|x86.ActiveCfg = Release|Any CPU
		{A8419185-FAC7-4E37-BFFD-153CC4406845}.Release|x86.Build.0 = Release|Any CPU
		{BF2260D6-7F0A-4B6D-8C78-1AF67883463F}.Debug|Any CPU.ActiveCfg = Debug|Any CPU
		{BF2260D6-7F0A-4B6D-8C78-1AF67883463F}.Debug|Any CPU.Build.0 = Debug|Any CPU
		{BF2260D6-7F0A-4B6D-8C78-1AF67883463F}.Debug|ARM.ActiveCfg = Debug|Any CPU
		{BF2260D6-7F0A-4B6D-8C78-1AF67883463F}.Debug|ARM.Build.0 = Debug|Any CPU
		{BF2260D6-7F0A-4B6D-8C78-1AF67883463F}.Debug|Mixed Platforms.ActiveCfg = Debug|Any CPU
		{BF2260D6-7F0A-4B6D-8C78-1AF67883463F}.Debug|Mixed Platforms.Build.0 = Debug|Any CPU
		{BF2260D6-7F0A-4B6D-8C78-1AF67883463F}.Debug|x64.ActiveCfg = Debug|Any CPU
		{BF2260D6-7F0A-4B6D-8C78-1AF67883463F}.Debug|x64.Build.0 = Debug|Any CPU
		{BF2260D6-7F0A-4B6D-8C78-1AF67883463F}.Debug|x86.ActiveCfg = Debug|Any CPU
		{BF2260D6-7F0A-4B6D-8C78-1AF67883463F}.Debug|x86.Build.0 = Debug|Any CPU
		{BF2260D6-7F0A-4B6D-8C78-1AF67883463F}.Release|Any CPU.ActiveCfg = Release|Any CPU
		{BF2260D6-7F0A-4B6D-8C78-1AF67883463F}.Release|Any CPU.Build.0 = Release|Any CPU
		{BF2260D6-7F0A-4B6D-8C78-1AF67883463F}.Release|ARM.ActiveCfg = Release|Any CPU
		{BF2260D6-7F0A-4B6D-8C78-1AF67883463F}.Release|ARM.Build.0 = Release|Any CPU
		{BF2260D6-7F0A-4B6D-8C78-1AF67883463F}.Release|Mixed Platforms.ActiveCfg = Release|Any CPU
		{BF2260D6-7F0A-4B6D-8C78-1AF67883463F}.Release|Mixed Platforms.Build.0 = Release|Any CPU
		{BF2260D6-7F0A-4B6D-8C78-1AF67883463F}.Release|x64.ActiveCfg = Release|Any CPU
		{BF2260D6-7F0A-4B6D-8C78-1AF67883463F}.Release|x64.Build.0 = Release|Any CPU
		{BF2260D6-7F0A-4B6D-8C78-1AF67883463F}.Release|x86.ActiveCfg = Release|Any CPU
		{BF2260D6-7F0A-4B6D-8C78-1AF67883463F}.Release|x86.Build.0 = Release|Any CPU
	EndGlobalSection
	GlobalSection(SolutionProperties) = preSolution
		HideSolutionNode = FALSE
	EndGlobalSection
EndGlobal
